// !$*UTF8*$!
{
	archiveVersion = 1;
	classes = {
	};
	objectVersion = 50;
	objects = {

/* Begin PBXBuildFile section */
		F2369EB9256FEBA5009EEC5C /* BowWowApp.swift in Sources */ = {isa = PBXBuildFile; fileRef = F2369EB8256FEBA5009EEC5C /* BowWowApp.swift */; };
		F2369EBB256FEBA5009EEC5C /* ContentView.swift in Sources */ = {isa = PBXBuildFile; fileRef = F2369EBA256FEBA5009EEC5C /* ContentView.swift */; };
		F2369EBD256FEBAE009EEC5C /* Assets.xcassets in Resources */ = {isa = PBXBuildFile; fileRef = F2369EBC256FEBAE009EEC5C /* Assets.xcassets */; };
		F2369EC0256FEBAF009EEC5C /* Preview Assets.xcassets in Resources */ = {isa = PBXBuildFile; fileRef = F2369EBF256FEBAF009EEC5C /* Preview Assets.xcassets */; };
		F2369ECB256FEBAF009EEC5C /* BowWowTests.swift in Sources */ = {isa = PBXBuildFile; fileRef = F2369ECA256FEBAF009EEC5C /* BowWowTests.swift */; };
		F2369ED6256FEBAF009EEC5C /* BowWowUITests.swift in Sources */ = {isa = PBXBuildFile; fileRef = F2369ED5256FEBAF009EEC5C /* BowWowUITests.swift */; };
		F2369EEF256FF4FC009EEC5C /* RandomDog.swift in Sources */ = {isa = PBXBuildFile; fileRef = F2369EEE256FF4FC009EEC5C /* RandomDog.swift */; };
/* End PBXBuildFile section */

/* Begin PBXContainerItemProxy section */
		F2369EC7256FEBAF009EEC5C /* PBXContainerItemProxy */ = {
			isa = PBXContainerItemProxy;
			containerPortal = F2369EAD256FEBA4009EEC5C /* Project object */;
			proxyType = 1;
			remoteGlobalIDString = F2369EB4256FEBA4009EEC5C;
			remoteInfo = BowWow;
		};
		F2369ED2256FEBAF009EEC5C /* PBXContainerItemProxy */ = {
			isa = PBXContainerItemProxy;
			containerPortal = F2369EAD256FEBA4009EEC5C /* Project object */;
			proxyType = 1;
			remoteGlobalIDString = F2369EB4256FEBA4009EEC5C;
			remoteInfo = BowWow;
		};
/* End PBXContainerItemProxy section */

/* Begin PBXFileReference section */
		F2369EB5256FEBA4009EEC5C /* BowWow.app */ = {isa = PBXFileReference; explicitFileType = wrapper.application; includeInIndex = 0; path = BowWow.app; sourceTree = BUILT_PRODUCTS_DIR; };
		F2369EB8256FEBA5009EEC5C /* BowWowApp.swift */ = {isa = PBXFileReference; lastKnownFileType = sourcecode.swift; path = BowWowApp.swift; sourceTree = "<group>"; };
		F2369EBA256FEBA5009EEC5C /* ContentView.swift */ = {isa = PBXFileReference; lastKnownFileType = sourcecode.swift; path = ContentView.swift; sourceTree = "<group>"; };
		F2369EBC256FEBAE009EEC5C /* Assets.xcassets */ = {isa = PBXFileReference; lastKnownFileType = folder.assetcatalog; path = Assets.xcassets; sourceTree = "<group>"; };
		F2369EBF256FEBAF009EEC5C /* Preview Assets.xcassets */ = {isa = PBXFileReference; lastKnownFileType = folder.assetcatalog; path = "Preview Assets.xcassets"; sourceTree = "<group>"; };
		F2369EC1256FEBAF009EEC5C /* Info.plist */ = {isa = PBXFileReference; lastKnownFileType = text.plist.xml; path = Info.plist; sourceTree = "<group>"; };
		F2369EC6256FEBAF009EEC5C /* BowWowTests.xctest */ = {isa = PBXFileReference; explicitFileType = wrapper.cfbundle; includeInIndex = 0; path = BowWowTests.xctest; sourceTree = BUILT_PRODUCTS_DIR; };
		F2369ECA256FEBAF009EEC5C /* BowWowTests.swift */ = {isa = PBXFileReference; lastKnownFileType = sourcecode.swift; path = BowWowTests.swift; sourceTree = "<group>"; };
		F2369ECC256FEBAF009EEC5C /* Info.plist */ = {isa = PBXFileReference; lastKnownFileType = text.plist.xml; path = Info.plist; sourceTree = "<group>"; };
		F2369ED1256FEBAF009EEC5C /* BowWowUITests.xctest */ = {isa = PBXFileReference; explicitFileType = wrapper.cfbundle; includeInIndex = 0; path = BowWowUITests.xctest; sourceTree = BUILT_PRODUCTS_DIR; };
		F2369ED5256FEBAF009EEC5C /* BowWowUITests.swift */ = {isa = PBXFileReference; lastKnownFileType = sourcecode.swift; path = BowWowUITests.swift; sourceTree = "<group>"; };
		F2369ED7256FEBAF009EEC5C /* Info.plist */ = {isa = PBXFileReference; lastKnownFileType = text.plist.xml; path = Info.plist; sourceTree = "<group>"; };
		F2369EEE256FF4FC009EEC5C /* RandomDog.swift */ = {isa = PBXFileReference; lastKnownFileType = sourcecode.swift; path = RandomDog.swift; sourceTree = "<group>"; };
/* End PBXFileReference section */

/* Begin PBXFrameworksBuildPhase section */
		F2369EB2256FEBA4009EEC5C /* Frameworks */ = {
			isa = PBXFrameworksBuildPhase;
			buildActionMask = 2147483647;
			files = (
			);
			runOnlyForDeploymentPostprocessing = 0;
		};
		F2369EC3256FEBAF009EEC5C /* Frameworks */ = {
			isa = PBXFrameworksBuildPhase;
			buildActionMask = 2147483647;
			files = (
			);
			runOnlyForDeploymentPostprocessing = 0;
		};
		F2369ECE256FEBAF009EEC5C /* Frameworks */ = {
			isa = PBXFrameworksBuildPhase;
			buildActionMask = 2147483647;
			files = (
			);
			runOnlyForDeploymentPostprocessing = 0;
		};
/* End PBXFrameworksBuildPhase section */

/* Begin PBXGroup section */
		F2369EAC256FEBA4009EEC5C = {
			isa = PBXGroup;
			children = (
				F2369EB7256FEBA4009EEC5C /* BowWow */,
				F2369EC9256FEBAF009EEC5C /* BowWowTests */,
				F2369ED4256FEBAF009EEC5C /* BowWowUITests */,
				F2369EB6256FEBA4009EEC5C /* Products */,
			);
			sourceTree = "<group>";
		};
		F2369EB6256FEBA4009EEC5C /* Products */ = {
			isa = PBXGroup;
			children = (
				F2369EB5256FEBA4009EEC5C /* BowWow.app */,
				F2369EC6256FEBAF009EEC5C /* BowWowTests.xctest */,
				F2369ED1256FEBAF009EEC5C /* BowWowUITests.xctest */,
			);
			name = Products;
			sourceTree = "<group>";
		};
		F2369EB7256FEBA4009EEC5C /* BowWow */ = {
			isa = PBXGroup;
			children = (
				F2369EB8256FEBA5009EEC5C /* BowWowApp.swift */,
				F2369EBA256FEBA5009EEC5C /* ContentView.swift */,
				F2369EEE256FF4FC009EEC5C /* RandomDog.swift */,
				F2369EBC256FEBAE009EEC5C /* Assets.xcassets */,
				F2369EC1256FEBAF009EEC5C /* Info.plist */,
				F2369EBE256FEBAF009EEC5C /* Preview Content */,
			);
			path = BowWow;
			sourceTree = "<group>";
		};
		F2369EBE256FEBAF009EEC5C /* Preview Content */ = {
			isa = PBXGroup;
			children = (
				F2369EBF256FEBAF009EEC5C /* Preview Assets.xcassets */,
			);
			path = "Preview Content";
			sourceTree = "<group>";
		};
		F2369EC9256FEBAF009EEC5C /* BowWowTests */ = {
			isa = PBXGroup;
			children = (
				F2369ECA256FEBAF009EEC5C /* BowWowTests.swift */,
				F2369ECC256FEBAF009EEC5C /* Info.plist */,
			);
			path = BowWowTests;
			sourceTree = "<group>";
		};
		F2369ED4256FEBAF009EEC5C /* BowWowUITests */ = {
			isa = PBXGroup;
			children = (
				F2369ED5256FEBAF009EEC5C /* BowWowUITests.swift */,
				F2369ED7256FEBAF009EEC5C /* Info.plist */,
			);
			path = BowWowUITests;
			sourceTree = "<group>";
		};
/* End PBXGroup section */

/* Begin PBXNativeTarget section */
		F2369EB4256FEBA4009EEC5C /* BowWow */ = {
			isa = PBXNativeTarget;
			buildConfigurationList = F2369EDA256FEBAF009EEC5C /* Build configuration list for PBXNativeTarget "BowWow" */;
			buildPhases = (
				F2369EB1256FEBA4009EEC5C /* Sources */,
				F2369EB2256FEBA4009EEC5C /* Frameworks */,
				F2369EB3256FEBA4009EEC5C /* Resources */,
			);
			buildRules = (
			);
			dependencies = (
			);
			name = BowWow;
			productName = BowWow;
			productReference = F2369EB5256FEBA4009EEC5C /* BowWow.app */;
			productType = "com.apple.product-type.application";
		};
		F2369EC5256FEBAF009EEC5C /* BowWowTests */ = {
			isa = PBXNativeTarget;
			buildConfigurationList = F2369EDD256FEBAF009EEC5C /* Build configuration list for PBXNativeTarget "BowWowTests" */;
			buildPhases = (
				F2369EC2256FEBAF009EEC5C /* Sources */,
				F2369EC3256FEBAF009EEC5C /* Frameworks */,
				F2369EC4256FEBAF009EEC5C /* Resources */,
			);
			buildRules = (
			);
			dependencies = (
				F2369EC8256FEBAF009EEC5C /* PBXTargetDependency */,
			);
			name = BowWowTests;
			productName = BowWowTests;
			productReference = F2369EC6256FEBAF009EEC5C /* BowWowTests.xctest */;
			productType = "com.apple.product-type.bundle.unit-test";
		};
		F2369ED0256FEBAF009EEC5C /* BowWowUITests */ = {
			isa = PBXNativeTarget;
			buildConfigurationList = F2369EE0256FEBAF009EEC5C /* Build configuration list for PBXNativeTarget "BowWowUITests" */;
			buildPhases = (
				F2369ECD256FEBAF009EEC5C /* Sources */,
				F2369ECE256FEBAF009EEC5C /* Frameworks */,
				F2369ECF256FEBAF009EEC5C /* Resources */,
			);
			buildRules = (
			);
			dependencies = (
				F2369ED3256FEBAF009EEC5C /* PBXTargetDependency */,
			);
			name = BowWowUITests;
			productName = BowWowUITests;
			productReference = F2369ED1256FEBAF009EEC5C /* BowWowUITests.xctest */;
			productType = "com.apple.product-type.bundle.ui-testing";
		};
/* End PBXNativeTarget section */

/* Begin PBXProject section */
		F2369EAD256FEBA4009EEC5C /* Project object */ = {
			isa = PBXProject;
			attributes = {
				LastSwiftUpdateCheck = 1210;
				LastUpgradeCheck = 1210;
				TargetAttributes = {
					F2369EB4256FEBA4009EEC5C = {
						CreatedOnToolsVersion = 12.1;
					};
					F2369EC5256FEBAF009EEC5C = {
						CreatedOnToolsVersion = 12.1;
						TestTargetID = F2369EB4256FEBA4009EEC5C;
					};
					F2369ED0256FEBAF009EEC5C = {
						CreatedOnToolsVersion = 12.1;
						TestTargetID = F2369EB4256FEBA4009EEC5C;
					};
				};
			};
			buildConfigurationList = F2369EB0256FEBA4009EEC5C /* Build configuration list for PBXProject "BowWow" */;
			compatibilityVersion = "Xcode 9.3";
			developmentRegion = en;
			hasScannedForEncodings = 0;
			knownRegions = (
				en,
				Base,
			);
			mainGroup = F2369EAC256FEBA4009EEC5C;
			productRefGroup = F2369EB6256FEBA4009EEC5C /* Products */;
			projectDirPath = "";
			projectRoot = "";
			targets = (
				F2369EB4256FEBA4009EEC5C /* BowWow */,
				F2369EC5256FEBAF009EEC5C /* BowWowTests */,
				F2369ED0256FEBAF009EEC5C /* BowWowUITests */,
			);
		};
/* End PBXProject section */

/* Begin PBXResourcesBuildPhase section */
		F2369EB3256FEBA4009EEC5C /* Resources */ = {
			isa = PBXResourcesBuildPhase;
			buildActionMask = 2147483647;
			files = (
				F2369EC0256FEBAF009EEC5C /* Preview Assets.xcassets in Resources */,
				F2369EBD256FEBAE009EEC5C /* Assets.xcassets in Resources */,
			);
			runOnlyForDeploymentPostprocessing = 0;
		};
		F2369EC4256FEBAF009EEC5C /* Resources */ = {
			isa = PBXResourcesBuildPhase;
			buildActionMask = 2147483647;
			files = (
			);
			runOnlyForDeploymentPostprocessing = 0;
		};
		F2369ECF256FEBAF009EEC5C /* Resources */ = {
			isa = PBXResourcesBuildPhase;
			buildActionMask = 2147483647;
			files = (
			);
			runOnlyForDeploymentPostprocessing = 0;
		};
/* End PBXResourcesBuildPhase section */

/* Begin PBXSourcesBuildPhase section */
		F2369EB1256FEBA4009EEC5C /* Sources */ = {
			isa = PBXSourcesBuildPhase;
			buildActionMask = 2147483647;
			files = (
				F2369EBB256FEBA5009EEC5C /* ContentView.swift in Sources */,
				F2369EB9256FEBA5009EEC5C /* BowWowApp.swift in Sources */,
				F2369EEF256FF4FC009EEC5C /* RandomDog.swift in Sources */,
			);
			runOnlyForDeploymentPostprocessing = 0;
		};
		F2369EC2256FEBAF009EEC5C /* Sources */ = {
			isa = PBXSourcesBuildPhase;
			buildActionMask = 2147483647;
			files = (
				F2369ECB256FEBAF009EEC5C /* BowWowTests.swift in Sources */,
			);
			runOnlyForDeploymentPostprocessing = 0;
		};
		F2369ECD256FEBAF009EEC5C /* Sources */ = {
			isa = PBXSourcesBuildPhase;
			buildActionMask = 2147483647;
			files = (
				F2369ED6256FEBAF009EEC5C /* BowWowUITests.swift in Sources */,
			);
			runOnlyForDeploymentPostprocessing = 0;
		};
/* End PBXSourcesBuildPhase section */

/* Begin PBXTargetDependency section */
		F2369EC8256FEBAF009EEC5C /* PBXTargetDependency */ = {
			isa = PBXTargetDependency;
			target = F2369EB4256FEBA4009EEC5C /* BowWow */;
			targetProxy = F2369EC7256FEBAF009EEC5C /* PBXContainerItemProxy */;
		};
		F2369ED3256FEBAF009EEC5C /* PBXTargetDependency */ = {
			isa = PBXTargetDependency;
			target = F2369EB4256FEBA4009EEC5C /* BowWow */;
			targetProxy = F2369ED2256FEBAF009EEC5C /* PBXContainerItemProxy */;
		};
/* End PBXTargetDependency section */

/* Begin XCBuildConfiguration section */
		F2369ED8256FEBAF009EEC5C /* Debug */ = {
			isa = XCBuildConfiguration;
			buildSettings = {
				ALWAYS_SEARCH_USER_PATHS = NO;
				CLANG_ANALYZER_NONNULL = YES;
				CLANG_ANALYZER_NUMBER_OBJECT_CONVERSION = YES_AGGRESSIVE;
				CLANG_CXX_LANGUAGE_STANDARD = "gnu++14";
				CLANG_CXX_LIBRARY = "libc++";
				CLANG_ENABLE_MODULES = YES;
				CLANG_ENABLE_OBJC_ARC = YES;
				CLANG_ENABLE_OBJC_WEAK = YES;
				CLANG_WARN_BLOCK_CAPTURE_AUTORELEASING = YES;
				CLANG_WARN_BOOL_CONVERSION = YES;
				CLANG_WARN_COMMA = YES;
				CLANG_WARN_CONSTANT_CONVERSION = YES;
				CLANG_WARN_DEPRECATED_OBJC_IMPLEMENTATIONS = YES;
				CLANG_WARN_DIRECT_OBJC_ISA_USAGE = YES_ERROR;
				CLANG_WARN_DOCUMENTATION_COMMENTS = YES;
				CLANG_WARN_EMPTY_BODY = YES;
				CLANG_WARN_ENUM_CONVERSION = YES;
				CLANG_WARN_INFINITE_RECURSION = YES;
				CLANG_WARN_INT_CONVERSION = YES;
				CLANG_WARN_NON_LITERAL_NULL_CONVERSION = YES;
				CLANG_WARN_OBJC_IMPLICIT_RETAIN_SELF = YES;
				CLANG_WARN_OBJC_LITERAL_CONVERSION = YES;
				CLANG_WARN_OBJC_ROOT_CLASS = YES_ERROR;
				CLANG_WARN_QUOTED_INCLUDE_IN_FRAMEWORK_HEADER = YES;
				CLANG_WARN_RANGE_LOOP_ANALYSIS = YES;
				CLANG_WARN_STRICT_PROTOTYPES = YES;
				CLANG_WARN_SUSPICIOUS_MOVE = YES;
				CLANG_WARN_UNGUARDED_AVAILABILITY = YES_AGGRESSIVE;
				CLANG_WARN_UNREACHABLE_CODE = YES;
				CLANG_WARN__DUPLICATE_METHOD_MATCH = YES;
				COPY_PHASE_STRIP = NO;
				DEBUG_INFORMATION_FORMAT = dwarf;
				ENABLE_STRICT_OBJC_MSGSEND = YES;
				ENABLE_TESTABILITY = YES;
				GCC_C_LANGUAGE_STANDARD = gnu11;
				GCC_DYNAMIC_NO_PIC = NO;
				GCC_NO_COMMON_BLOCKS = YES;
				GCC_OPTIMIZATION_LEVEL = 0;
				GCC_PREPROCESSOR_DEFINITIONS = (
					"DEBUG=1",
					"$(inherited)",
				);
				GCC_WARN_64_TO_32_BIT_CONVERSION = YES;
				GCC_WARN_ABOUT_RETURN_TYPE = YES_ERROR;
				GCC_WARN_UNDECLARED_SELECTOR = YES;
				GCC_WARN_UNINITIALIZED_AUTOS = YES_AGGRESSIVE;
				GCC_WARN_UNUSED_FUNCTION = YES;
				GCC_WARN_UNUSED_VARIABLE = YES;
				IPHONEOS_DEPLOYMENT_TARGET = 14.1;
				MTL_ENABLE_DEBUG_INFO = INCLUDE_SOURCE;
				MTL_FAST_MATH = YES;
				ONLY_ACTIVE_ARCH = YES;
				SDKROOT = iphoneos;
				SWIFT_ACTIVE_COMPILATION_CONDITIONS = DEBUG;
				SWIFT_OPTIMIZATION_LEVEL = "-Onone";
			};
			name = Debug;
		};
		F2369ED9256FEBAF009EEC5C /* Release */ = {
			isa = XCBuildConfiguration;
			buildSettings = {
				ALWAYS_SEARCH_USER_PATHS = NO;
				CLANG_ANALYZER_NONNULL = YES;
				CLANG_ANALYZER_NUMBER_OBJECT_CONVERSION = YES_AGGRESSIVE;
				CLANG_CXX_LANGUAGE_STANDARD = "gnu++14";
				CLANG_CXX_LIBRARY = "libc++";
				CLANG_ENABLE_MODULES = YES;
				CLANG_ENABLE_OBJC_ARC = YES;
				CLANG_ENABLE_OBJC_WEAK = YES;
				CLANG_WARN_BLOCK_CAPTURE_AUTORELEASING = YES;
				CLANG_WARN_BOOL_CONVERSION = YES;
				CLANG_WARN_COMMA = YES;
				CLANG_WARN_CONSTANT_CONVERSION = YES;
				CLANG_WARN_DEPRECATED_OBJC_IMPLEMENTATIONS = YES;
				CLANG_WARN_DIRECT_OBJC_ISA_USAGE = YES_ERROR;
				CLANG_WARN_DOCUMENTATION_COMMENTS = YES;
				CLANG_WARN_EMPTY_BODY = YES;
				CLANG_WARN_ENUM_CONVERSION = YES;
				CLANG_WARN_INFINITE_RECURSION = YES;
				CLANG_WARN_INT_CONVERSION = YES;
				CLANG_WARN_NON_LITERAL_NULL_CONVERSION = YES;
				CLANG_WARN_OBJC_IMPLICIT_RETAIN_SELF = YES;
				CLANG_WARN_OBJC_LITERAL_CONVERSION = YES;
				CLANG_WARN_OBJC_ROOT_CLASS = YES_ERROR;
				CLANG_WARN_QUOTED_INCLUDE_IN_FRAMEWORK_HEADER = YES;
				CLANG_WARN_RANGE_LOOP_ANALYSIS = YES;
				CLANG_WARN_STRICT_PROTOTYPES = YES;
				CLANG_WARN_SUSPICIOUS_MOVE = YES;
				CLANG_WARN_UNGUARDED_AVAILABILITY = YES_AGGRESSIVE;
				CLANG_WARN_UNREACHABLE_CODE = YES;
				CLANG_WARN__DUPLICATE_METHOD_MATCH = YES;
				COPY_PHASE_STRIP = NO;
				DEBUG_INFORMATION_FORMAT = "dwarf-with-dsym";
				ENABLE_NS_ASSERTIONS = NO;
				ENABLE_STRICT_OBJC_MSGSEND = YES;
				GCC_C_LANGUAGE_STANDARD = gnu11;
				GCC_NO_COMMON_BLOCKS = YES;
				GCC_WARN_64_TO_32_BIT_CONVERSION = YES;
				GCC_WARN_ABOUT_RETURN_TYPE = YES_ERROR;
				GCC_WARN_UNDECLARED_SELECTOR = YES;
				GCC_WARN_UNINITIALIZED_AUTOS = YES_AGGRESSIVE;
				GCC_WARN_UNUSED_FUNCTION = YES;
				GCC_WARN_UNUSED_VARIABLE = YES;
				IPHONEOS_DEPLOYMENT_TARGET = 14.1;
				MTL_ENABLE_DEBUG_INFO = NO;
				MTL_FAST_MATH = YES;
				SDKROOT = iphoneos;
				SWIFT_COMPILATION_MODE = wholemodule;
				SWIFT_OPTIMIZATION_LEVEL = "-O";
				VALIDATE_PRODUCT = YES;
			};
			name = Release;
		};
		F2369EDB256FEBAF009EEC5C /* Debug */ = {
			isa = XCBuildConfiguration;
			buildSettings = {
				ASSETCATALOG_COMPILER_APPICON_NAME = AppIcon;
				ASSETCATALOG_COMPILER_GLOBAL_ACCENT_COLOR_NAME = AccentColor;
				CODE_SIGN_STYLE = Automatic;
				DEVELOPMENT_ASSET_PATHS = "\"BowWow/Preview Content\"";
				DEVELOPMENT_TEAM = UK8T38GMAA;
				ENABLE_PREVIEWS = YES;
				INFOPLIST_FILE = BowWow/Info.plist;
				IPHONEOS_DEPLOYMENT_TARGET = 14.0;
				LD_RUNPATH_SEARCH_PATHS = (
					"$(inherited)",
					"@executable_path/Frameworks",
				);
				PRODUCT_BUNDLE_IDENTIFIER = ca.lukeburri.BowWow;
				PRODUCT_NAME = "$(TARGET_NAME)";
				SWIFT_VERSION = 5.0;
				TARGETED_DEVICE_FAMILY = "1,2";
			};
			name = Debug;
		};
		F2369EDC256FEBAF009EEC5C /* Release */ = {
			isa = XCBuildConfiguration;
			buildSettings = {
				ASSETCATALOG_COMPILER_APPICON_NAME = AppIcon;
				ASSETCATALOG_COMPILER_GLOBAL_ACCENT_COLOR_NAME = AccentColor;
				CODE_SIGN_STYLE = Automatic;
				DEVELOPMENT_ASSET_PATHS = "\"BowWow/Preview Content\"";
				DEVELOPMENT_TEAM = UK8T38GMAA;
				ENABLE_PREVIEWS = YES;
				INFOPLIST_FILE = BowWow/Info.plist;
				IPHONEOS_DEPLOYMENT_TARGET = 14.0;
				LD_RUNPATH_SEARCH_PATHS = (
					"$(inherited)",
					"@executable_path/Frameworks",
				);
				PRODUCT_BUNDLE_IDENTIFIER = ca.lukeburri.BowWow;
				PRODUCT_NAME = "$(TARGET_NAME)";
				SWIFT_VERSION = 5.0;
				TARGETED_DEVICE_FAMILY = "1,2";
			};
			name = Release;
		};
		F2369EDE256FEBAF009EEC5C /* Debug */ = {
			isa = XCBuildConfiguration;
			buildSettings = {
				ALWAYS_EMBED_SWIFT_STANDARD_LIBRARIES = YES;
				BUNDLE_LOADER = "$(TEST_HOST)";
				CODE_SIGN_STYLE = Automatic;
				DEVELOPMENT_TEAM = UK8T38GMAA;
				INFOPLIST_FILE = BowWowTests/Info.plist;
				IPHONEOS_DEPLOYMENT_TARGET = 14.0;
				LD_RUNPATH_SEARCH_PATHS = (
					"$(inherited)",
					"@executable_path/Frameworks",
					"@loader_path/Frameworks",
				);
				PRODUCT_BUNDLE_IDENTIFIER = ca.lukeburri.BowWowTests;
				PRODUCT_NAME = "$(TARGET_NAME)";
				SWIFT_VERSION = 5.0;
				TARGETED_DEVICE_FAMILY = "1,2";
				TEST_HOST = "$(BUILT_PRODUCTS_DIR)/BowWow.app/BowWow";
			};
			name = Debug;
		};
		F2369EDF256FEBAF009EEC5C /* Release */ = {
			isa = XCBuildConfiguration;
			buildSettings = {
				ALWAYS_EMBED_SWIFT_STANDARD_LIBRARIES = YES;
				BUNDLE_LOADER = "$(TEST_HOST)";
				CODE_SIGN_STYLE = Automatic;
				DEVELOPMENT_TEAM = UK8T38GMAA;
				INFOPLIST_FILE = BowWowTests/Info.plist;
				IPHONEOS_DEPLOYMENT_TARGET = 14.0;
				LD_RUNPATH_SEARCH_PATHS = (
					"$(inherited)",
					"@executable_path/Frameworks",
					"@loader_path/Frameworks",
				);
				PRODUCT_BUNDLE_IDENTIFIER = ca.lukeburri.BowWowTests;
				PRODUCT_NAME = "$(TARGET_NAME)";
				SWIFT_VERSION = 5.0;
				TARGETED_DEVICE_FAMILY = "1,2";
				TEST_HOST = "$(BUILT_PRODUCTS_DIR)/BowWow.app/BowWow";
			};
			name = Release;
		};
		F2369EE1256FEBAF009EEC5C /* Debug */ = {
			isa = XCBuildConfiguration;
			buildSettings = {
				ALWAYS_EMBED_SWIFT_STANDARD_LIBRARIES = YES;
				CODE_SIGN_STYLE = Automatic;
				DEVELOPMENT_TEAM = UK8T38GMAA;
				INFOPLIST_FILE = BowWowUITests/Info.plist;
				LD_RUNPATH_SEARCH_PATHS = (
					"$(inherited)",
					"@executable_path/Frameworks",
					"@loader_path/Frameworks",
				);
				PRODUCT_BUNDLE_IDENTIFIER = ca.lukeburri.BowWowUITests;
				PRODUCT_NAME = "$(TARGET_NAME)";
				SWIFT_VERSION = 5.0;
				TARGETED_DEVICE_FAMILY = "1,2";
				TEST_TARGET_NAME = BowWow;
			};
			name = Debug;
		};
		F2369EE2256FEBAF009EEC5C /* Release */ = {
			isa = XCBuildConfiguration;
			buildSettings = {
				ALWAYS_EMBED_SWIFT_STANDARD_LIBRARIES = YES;
				CODE_SIGN_STYLE = Automatic;
				DEVELOPMENT_TEAM = UK8T38GMAA;
				INFOPLIST_FILE = BowWowUITests/Info.plist;
				LD_RUNPATH_SEARCH_PATHS = (
					"$(inherited)",
					"@executable_path/Frameworks",
					"@loader_path/Frameworks",
				);
				PRODUCT_BUNDLE_IDENTIFIER = ca.lukeburri.BowWowUITests;
				PRODUCT_NAME = "$(TARGET_NAME)";
				SWIFT_VERSION = 5.0;
				TARGETED_DEVICE_FAMILY = "1,2";
				TEST_TARGET_NAME = BowWow;
			};
			name = Release;
		};
/* End XCBuildConfiguration section */

/* Begin XCConfigurationList section */
		F2369EB0256FEBA4009EEC5C /* Build configuration list for PBXProject "BowWow" */ = {
			isa = XCConfigurationList;
			buildConfigurations = (
				F2369ED8256FEBAF009EEC5C /* Debug */,
				F2369ED9256FEBAF009EEC5C /* Release */,
			);
			defaultConfigurationIsVisible = 0;
			defaultConfigurationName = Release;
		};
		F2369EDA256FEBAF009EEC5C /* Build configuration list for PBXNativeTarget "BowWow" */ = {
			isa = XCConfigurationList;
			buildConfigurations = (
				F2369EDB256FEBAF009EEC5C /* Debug */,
				F2369EDC256FEBAF009EEC5C /* Release */,
			);
			defaultConfigurationIsVisible = 0;
			defaultConfigurationName = Release;
		};
		F2369EDD256FEBAF009EEC5C /* Build configuration list for PBXNativeTarget "BowWowTests" */ = {
			isa = XCConfigurationList;
			buildConfigurations = (
				F2369EDE256FEBAF009EEC5C /* Debug */,
				F2369EDF256FEBAF009EEC5C /* Release */,
			);
			defaultConfigurationIsVisible = 0;
			defaultConfigurationName = Release;
		};
		F2369EE0256FEBAF009EEC5C /* Build configuration list for PBXNativeTarget "BowWowUITests" */ = {
			isa = XCConfigurationList;
			buildConfigurations = (
				F2369EE1256FEBAF009EEC5C /* Debug */,
				F2369EE2256FEBAF009EEC5C /* Release */,
			);
			defaultConfigurationIsVisible = 0;
			defaultConfigurationName = Release;
		};
/* End XCConfigurationList section */
	};
	rootObject = F2369EAD256FEBA4009EEC5C /* Project object */;
}
